
Microsoft Visual Studio Solution File, Format Version 12.00
# Visual Studio Version 16
VisualStudioVersion = 16.0.30907.101
MinimumVisualStudioVersion = 10.0.40219.1
Project("{FAE04EC0-301F-11D3-BF4B-00C04F79EFBC}") = "Sudoku WebService", "Sudoku WebService\Sudoku WebService.csproj", "{9BEA4C95-F6FC-4B0F-A847-690084278C7A}"
EndProject
Project("{E24C65DC-7377-472B-9ABA-BC803B73C61A}") = "Sudoku JavaScript Version", "..\..\Sudoku JavaScript Version\", "{820E1B2A-D219-4BC8-A803-AC7470B02A7E}"
	ProjectSection(WebsiteProperties) = preProject
		TargetFrameworkMoniker = ".NETFramework,Version%3Dv4.0"
		Debug.AspNetCompiler.VirtualPath = "/localhost_15924"
		Debug.AspNetCompiler.PhysicalPath = "..\..\Sudoku JavaScript Version\"
		Debug.AspNetCompiler.TargetPath = "PrecompiledWeb\localhost_15924\"
		Debug.AspNetCompiler.Updateable = "true"
		Debug.AspNetCompiler.ForceOverwrite = "true"
		Debug.AspNetCompiler.FixedNames = "false"
		Debug.AspNetCompiler.Debug = "True"
		Release.AspNetCompiler.VirtualPath = "/localhost_15924"
		Release.AspNetCompiler.PhysicalPath = "..\..\Sudoku JavaScript Version\"
		Release.AspNetCompiler.TargetPath = "PrecompiledWeb\localhost_15924\"
		Release.AspNetCompiler.Updateable = "true"
		Release.AspNetCompiler.ForceOverwrite = "true"
		Release.AspNetCompiler.FixedNames = "false"
		Release.AspNetCompiler.Debug = "False"
		VWDPort = "15924"
	EndProjectSection
EndProject
Global
	GlobalSection(SolutionConfigurationPlatforms) = preSolution
		Debug|Any CPU = Debug|Any CPU
		Release|Any CPU = Release|Any CPU
	EndGlobalSection
	GlobalSection(ProjectConfigurationPlatforms) = postSolution
		{9BEA4C95-F6FC-4B0F-A847-690084278C7A}.Debug|Any CPU.ActiveCfg = Debug|Any CPU
		{9BEA4C95-F6FC-4B0F-A847-690084278C7A}.Debug|Any CPU.Build.0 = Debug|Any CPU
		{9BEA4C95-F6FC-4B0F-A847-690084278C7A}.Release|Any CPU.ActiveCfg = Release|Any CPU
		{9BEA4C95-F6FC-4B0F-A847-690084278C7A}.Release|Any CPU.Build.0 = Release|Any CPU
		{820E1B2A-D219-4BC8-A803-AC7470B02A7E}.Debug|Any CPU.ActiveCfg = Debug|Any CPU
		{820E1B2A-D219-4BC8-A803-AC7470B02A7E}.Debug|Any CPU.Build.0 = Debug|Any CPU
		{820E1B2A-D219-4BC8-A803-AC7470B02A7E}.Release|Any CPU.ActiveCfg = Debug|Any CPU
		{820E1B2A-D219-4BC8-A803-AC7470B02A7E}.Release|Any CPU.Build.0 = Debug|Any CPU
	EndGlobalSection
	GlobalSection(SolutionProperties) = preSolution
		HideSolutionNode = FALSE
	EndGlobalSection
	GlobalSection(ExtensibilityGlobals) = postSolution
		SolutionGuid = {0EEE8119-70D3-426A-BA71-D2C66B107107}
	EndGlobalSection
EndGlobal
